
Microsoft Visual Studio Solution File, Format Version 12.00
# Visual Studio Version 16
VisualStudioVersion = 16.0.30907.101
MinimumVisualStudioVersion = 10.0.40219.1
Project("{FAE04EC0-301F-11D3-BF4B-00C04F79EFBC}") = "MteConsoleMultipleClients", "MteConsoleMultipleClients\MteConsoleMultipleClients.csproj", "{716220DC-6CE9-4451-85EC-5C940E723484}"
EndProject
Global
	GlobalSection(SolutionConfigurationPlatforms) = preSolution
		Debug|Any CPU = Debug|Any CPU
		Release|Any CPU = Release|Any CPU
	EndGlobalSection
	GlobalSection(ProjectConfigurationPlatforms) = postSolution
		{716220DC-6CE9-4451-85EC-5C940E723484}.Debug|Any CPU.ActiveCfg = Debug|Any CPU
		{716220DC-6CE9-4451-85EC-5C940E723484}.Debug|Any CPU.Build.0 = Debug|Any CPU
		{716220DC-6CE9-4451-85EC-5C940E723484}.Release|Any CPU.ActiveCfg = Release|Any CPU
		{716220DC-6CE9-4451-85EC-5C940E723484}.Release|Any CPU.Build.0 = Release|Any CPU
	EndGlobalSection
	GlobalSection(SolutionProperties) = preSolution
		HideSolutionNode = FALSE
	EndGlobalSection
	GlobalSection(ExtensibilityGlobals) = postSolution
		SolutionGuid = {CBA1F6E4-92AF-45D3-80D8-998375FD50F0}
	EndGlobalSection
EndGlobal
